// !$*UTF8*$!
{
	archiveVersion = 1;
	classes = {
	};
	objectVersion = 46;
	objects = {

/* Begin PBXBuildFile section */
		AE57CE361CFFDA5A0014F9B5 /* AppDelegate.swift in Sources */ = {isa = PBXBuildFile; fileRef = AE57CE351CFFDA5A0014F9B5 /* AppDelegate.swift */; };
		AE57CE381CFFDA5A0014F9B5 /* ViewController.swift in Sources */ = {isa = PBXBuildFile; fileRef = AE57CE371CFFDA5A0014F9B5 /* ViewController.swift */; };
		AE57CE3B1CFFDA5A0014F9B5 /* Main.storyboard in Resources */ = {isa = PBXBuildFile; fileRef = AE57CE391CFFDA5A0014F9B5 /* Main.storyboard */; };
		AE57CE3D1CFFDA5A0014F9B5 /* Assets.xcassets in Resources */ = {isa = PBXBuildFile; fileRef = AE57CE3C1CFFDA5A0014F9B5 /* Assets.xcassets */; };
		AE57CE401CFFDA5A0014F9B5 /* LaunchScreen.storyboard in Resources */ = {isa = PBXBuildFile; fileRef = AE57CE3E1CFFDA5A0014F9B5 /* LaunchScreen.storyboard */; };
		AE57CE4B1CFFDA5A0014F9B5 /* SwiftyNotificationSampleTests.swift in Sources */ = {isa = PBXBuildFile; fileRef = AE57CE4A1CFFDA5A0014F9B5 /* SwiftyNotificationSampleTests.swift */; };
		AE57CE561CFFDA5A0014F9B5 /* SwiftyNotificationSampleUITests.swift in Sources */ = {isa = PBXBuildFile; fileRef = AE57CE551CFFDA5A0014F9B5 /* SwiftyNotificationSampleUITests.swift */; };
		AE57CE641CFFDA8C0014F9B5 /* SwiftyNotification.swift in Sources */ = {isa = PBXBuildFile; fileRef = AE57CE631CFFDA8C0014F9B5 /* SwiftyNotification.swift */; };
/* End PBXBuildFile section */

/* Begin PBXContainerItemProxy section */
		AE57CE471CFFDA5A0014F9B5 /* PBXContainerItemProxy */ = {
			isa = PBXContainerItemProxy;
			containerPortal = AE57CE2A1CFFDA590014F9B5 /* Project object */;
			proxyType = 1;
			remoteGlobalIDString = AE57CE311CFFDA590014F9B5;
			remoteInfo = SwiftyNotificationSample;
		};
		AE57CE521CFFDA5A0014F9B5 /* PBXContainerItemProxy */ = {
			isa = PBXContainerItemProxy;
			containerPortal = AE57CE2A1CFFDA590014F9B5 /* Project object */;
			proxyType = 1;
			remoteGlobalIDString = AE57CE311CFFDA590014F9B5;
			remoteInfo = SwiftyNotificationSample;
		};
/* End PBXContainerItemProxy section */

/* Begin PBXFileReference section */
		AE57CE321CFFDA590014F9B5 /* SwiftyNotificationSample.app */ = {isa = PBXFileReference; explicitFileType = wrapper.application; includeInIndex = 0; path = SwiftyNotificationSample.app; sourceTree = BUILT_PRODUCTS_DIR; };
		AE57CE351CFFDA5A0014F9B5 /* AppDelegate.swift */ = {isa = PBXFileReference; lastKnownFileType = sourcecode.swift; path = AppDelegate.swift; sourceTree = "<group>"; };
		AE57CE371CFFDA5A0014F9B5 /* ViewController.swift */ = {isa = PBXFileReference; lastKnownFileType = sourcecode.swift; path = ViewController.swift; sourceTree = "<group>"; };
		AE57CE3A1CFFDA5A0014F9B5 /* Base */ = {isa = PBXFileReference; lastKnownFileType = file.storyboard; name = Base; path = Base.lproj/Main.storyboard; sourceTree = "<group>"; };
		AE57CE3C1CFFDA5A0014F9B5 /* Assets.xcassets */ = {isa = PBXFileReference; lastKnownFileType = folder.assetcatalog; path = Assets.xcassets; sourceTree = "<group>"; };
		AE57CE3F1CFFDA5A0014F9B5 /* Base */ = {isa = PBXFileReference; lastKnownFileType = file.storyboard; name = Base; path = Base.lproj/LaunchScreen.storyboard; sourceTree = "<group>"; };
		AE57CE411CFFDA5A0014F9B5 /* Info.plist */ = {isa = PBXFileReference; lastKnownFileType = text.plist.xml; path = Info.plist; sourceTree = "<group>"; };
		AE57CE461CFFDA5A0014F9B5 /* SwiftyNotificationSampleTests.xctest */ = {isa = PBXFileReference; explicitFileType = wrapper.cfbundle; includeInIndex = 0; path = SwiftyNotificationSampleTests.xctest; sourceTree = BUILT_PRODUCTS_DIR; };
		AE57CE4A1CFFDA5A0014F9B5 /* SwiftyNotificationSampleTests.swift */ = {isa = PBXFileReference; lastKnownFileType = sourcecode.swift; path = SwiftyNotificationSampleTests.swift; sourceTree = "<group>"; };
		AE57CE4C1CFFDA5A0014F9B5 /* Info.plist */ = {isa = PBXFileReference; lastKnownFileType = text.plist.xml; path = Info.plist; sourceTree = "<group>"; };
		AE57CE511CFFDA5A0014F9B5 /* SwiftyNotificationSampleUITests.xctest */ = {isa = PBXFileReference; explicitFileType = wrapper.cfbundle; includeInIndex = 0; path = SwiftyNotificationSampleUITests.xctest; sourceTree = BUILT_PRODUCTS_DIR; };
		AE57CE551CFFDA5A0014F9B5 /* SwiftyNotificationSampleUITests.swift */ = {isa = PBXFileReference; lastKnownFileType = sourcecode.swift; path = SwiftyNotificationSampleUITests.swift; sourceTree = "<group>"; };
		AE57CE571CFFDA5A0014F9B5 /* Info.plist */ = {isa = PBXFileReference; lastKnownFileType = text.plist.xml; path = Info.plist; sourceTree = "<group>"; };
		AE57CE631CFFDA8C0014F9B5 /* SwiftyNotification.swift */ = {isa = PBXFileReference; fileEncoding = 4; lastKnownFileType = sourcecode.swift; name = SwiftyNotification.swift; path = ../SwiftyNotification/SwiftyNotification.swift; sourceTree = "<group>"; };
/* End PBXFileReference section */

/* Begin PBXFrameworksBuildPhase section */
		AE57CE2F1CFFDA590014F9B5 /* Frameworks */ = {
			isa = PBXFrameworksBuildPhase;
			buildActionMask = 2147483647;
			files = (
			);
			runOnlyForDeploymentPostprocessing = 0;
		};
		AE57CE431CFFDA5A0014F9B5 /* Frameworks */ = {
			isa = PBXFrameworksBuildPhase;
			buildActionMask = 2147483647;
			files = (
			);
			runOnlyForDeploymentPostprocessing = 0;
		};
		AE57CE4E1CFFDA5A0014F9B5 /* Frameworks */ = {
			isa = PBXFrameworksBuildPhase;
			buildActionMask = 2147483647;
			files = (
			);
			runOnlyForDeploymentPostprocessing = 0;
		};
/* End PBXFrameworksBuildPhase section */

/* Begin PBXGroup section */
		AE57CE291CFFDA590014F9B5 = {
			isa = PBXGroup;
			children = (
				AE57CE631CFFDA8C0014F9B5 /* SwiftyNotification.swift */,
				AE57CE341CFFDA5A0014F9B5 /* SwiftyNotificationSample */,
				AE57CE491CFFDA5A0014F9B5 /* SwiftyNotificationSampleTests */,
				AE57CE541CFFDA5A0014F9B5 /* SwiftyNotificationSampleUITests */,
				AE57CE331CFFDA590014F9B5 /* Products */,
			);
			sourceTree = "<group>";
		};
		AE57CE331CFFDA590014F9B5 /* Products */ = {
			isa = PBXGroup;
			children = (
				AE57CE321CFFDA590014F9B5 /* SwiftyNotificationSample.app */,
				AE57CE461CFFDA5A0014F9B5 /* SwiftyNotificationSampleTests.xctest */,
				AE57CE511CFFDA5A0014F9B5 /* SwiftyNotificationSampleUITests.xctest */,
			);
			name = Products;
			sourceTree = "<group>";
		};
		AE57CE341CFFDA5A0014F9B5 /* SwiftyNotificationSample */ = {
			isa = PBXGroup;
			children = (
				AE57CE351CFFDA5A0014F9B5 /* AppDelegate.swift */,
				AE57CE371CFFDA5A0014F9B5 /* ViewController.swift */,
				AE57CE391CFFDA5A0014F9B5 /* Main.storyboard */,
				AE57CE3C1CFFDA5A0014F9B5 /* Assets.xcassets */,
				AE57CE3E1CFFDA5A0014F9B5 /* LaunchScreen.storyboard */,
				AE57CE411CFFDA5A0014F9B5 /* Info.plist */,
			);
			path = SwiftyNotificationSample;
			sourceTree = "<group>";
		};
		AE57CE491CFFDA5A0014F9B5 /* SwiftyNotificationSampleTests */ = {
			isa = PBXGroup;
			children = (
				AE57CE4A1CFFDA5A0014F9B5 /* SwiftyNotificationSampleTests.swift */,
				AE57CE4C1CFFDA5A0014F9B5 /* Info.plist */,
			);
			path = SwiftyNotificationSampleTests;
			sourceTree = "<group>";
		};
		AE57CE541CFFDA5A0014F9B5 /* SwiftyNotificationSampleUITests */ = {
			isa = PBXGroup;
			children = (
				AE57CE551CFFDA5A0014F9B5 /* SwiftyNotificationSampleUITests.swift */,
				AE57CE571CFFDA5A0014F9B5 /* Info.plist */,
			);
			path = SwiftyNotificationSampleUITests;
			sourceTree = "<group>";
		};
/* End PBXGroup section */

/* Begin PBXNativeTarget section */
		AE57CE311CFFDA590014F9B5 /* SwiftyNotificationSample */ = {
			isa = PBXNativeTarget;
			buildConfigurationList = AE57CE5A1CFFDA5A0014F9B5 /* Build configuration list for PBXNativeTarget "SwiftyNotificationSample" */;
			buildPhases = (
				AE57CE2E1CFFDA590014F9B5 /* Sources */,
				AE57CE2F1CFFDA590014F9B5 /* Frameworks */,
				AE57CE301CFFDA590014F9B5 /* Resources */,
			);
			buildRules = (
			);
			dependencies = (
			);
			name = SwiftyNotificationSample;
			productName = SwiftyNotificationSample;
			productReference = AE57CE321CFFDA590014F9B5 /* SwiftyNotificationSample.app */;
			productType = "com.apple.product-type.application";
		};
		AE57CE451CFFDA5A0014F9B5 /* SwiftyNotificationSampleTests */ = {
			isa = PBXNativeTarget;
			buildConfigurationList = AE57CE5D1CFFDA5A0014F9B5 /* Build configuration list for PBXNativeTarget "SwiftyNotificationSampleTests" */;
			buildPhases = (
				AE57CE421CFFDA5A0014F9B5 /* Sources */,
				AE57CE431CFFDA5A0014F9B5 /* Frameworks */,
				AE57CE441CFFDA5A0014F9B5 /* Resources */,
			);
			buildRules = (
			);
			dependencies = (
				AE57CE481CFFDA5A0014F9B5 /* PBXTargetDependency */,
			);
			name = SwiftyNotificationSampleTests;
			productName = SwiftyNotificationSampleTests;
			productReference = AE57CE461CFFDA5A0014F9B5 /* SwiftyNotificationSampleTests.xctest */;
			productType = "com.apple.product-type.bundle.unit-test";
		};
		AE57CE501CFFDA5A0014F9B5 /* SwiftyNotificationSampleUITests */ = {
			isa = PBXNativeTarget;
			buildConfigurationList = AE57CE601CFFDA5A0014F9B5 /* Build configuration list for PBXNativeTarget "SwiftyNotificationSampleUITests" */;
			buildPhases = (
				AE57CE4D1CFFDA5A0014F9B5 /* Sources */,
				AE57CE4E1CFFDA5A0014F9B5 /* Frameworks */,
				AE57CE4F1CFFDA5A0014F9B5 /* Resources */,
			);
			buildRules = (
			);
			dependencies = (
				AE57CE531CFFDA5A0014F9B5 /* PBXTargetDependency */,
			);
			name = SwiftyNotificationSampleUITests;
			productName = SwiftyNotificationSampleUITests;
			productReference = AE57CE511CFFDA5A0014F9B5 /* SwiftyNotificationSampleUITests.xctest */;
			productType = "com.apple.product-type.bundle.ui-testing";
		};
/* End PBXNativeTarget section */

/* Begin PBXProject section */
		AE57CE2A1CFFDA590014F9B5 /* Project object */ = {
			isa = PBXProject;
			attributes = {
				LastSwiftUpdateCheck = 0730;
				LastUpgradeCheck = 0730;
				ORGANIZATIONNAME = Mokriya;
				TargetAttributes = {
					AE57CE311CFFDA590014F9B5 = {
						CreatedOnToolsVersion = 7.3.1;
					};
					AE57CE451CFFDA5A0014F9B5 = {
						CreatedOnToolsVersion = 7.3.1;
						TestTargetID = AE57CE311CFFDA590014F9B5;
					};
					AE57CE501CFFDA5A0014F9B5 = {
						CreatedOnToolsVersion = 7.3.1;
						TestTargetID = AE57CE311CFFDA590014F9B5;
					};
				};
			};
			buildConfigurationList = AE57CE2D1CFFDA590014F9B5 /* Build configuration list for PBXProject "SwiftyNotificationSample" */;
			compatibilityVersion = "Xcode 3.2";
			developmentRegion = English;
			hasScannedForEncodings = 0;
			knownRegions = (
				en,
				Base,
			);
			mainGroup = AE57CE291CFFDA590014F9B5;
			productRefGroup = AE57CE331CFFDA590014F9B5 /* Products */;
			projectDirPath = "";
			projectRoot = "";
			targets = (
				AE57CE311CFFDA590014F9B5 /* SwiftyNotificationSample */,
				AE57CE451CFFDA5A0014F9B5 /* SwiftyNotificationSampleTests */,
				AE57CE501CFFDA5A0014F9B5 /* SwiftyNotificationSampleUITests */,
			);
		};
/* End PBXProject section */

/* Begin PBXResourcesBuildPhase section */
		AE57CE301CFFDA590014F9B5 /* Resources */ = {
			isa = PBXResourcesBuildPhase;
			buildActionMask = 2147483647;
			files = (
				AE57CE401CFFDA5A0014F9B5 /* LaunchScreen.storyboard in Resources */,
				AE57CE3D1CFFDA5A0014F9B5 /* Assets.xcassets in Resources */,
				AE57CE3B1CFFDA5A0014F9B5 /* Main.storyboard in Resources */,
			);
			runOnlyForDeploymentPostprocessing = 0;
		};
		AE57CE441CFFDA5A0014F9B5 /* Resources */ = {
			isa = PBXResourcesBuildPhase;
			buildActionMask = 2147483647;
			files = (
			);
			runOnlyForDeploymentPostprocessing = 0;
		};
		AE57CE4F1CFFDA5A0014F9B5 /* Resources */ = {
			isa = PBXResourcesBuildPhase;
			buildActionMask = 2147483647;
			files = (
			);
			runOnlyForDeploymentPostprocessing = 0;
		};
/* End PBXResourcesBuildPhase section */

/* Begin PBXSourcesBuildPhase section */
		AE57CE2E1CFFDA590014F9B5 /* Sources */ = {
			isa = PBXSourcesBuildPhase;
			buildActionMask = 2147483647;
			files = (
				AE57CE381CFFDA5A0014F9B5 /* ViewController.swift in Sources */,
				AE57CE361CFFDA5A0014F9B5 /* AppDelegate.swift in Sources */,
				AE57CE641CFFDA8C0014F9B5 /* SwiftyNotification.swift in Sources */,
			);
			runOnlyForDeploymentPostprocessing = 0;
		};
		AE57CE421CFFDA5A0014F9B5 /* Sources */ = {
			isa = PBXSourcesBuildPhase;
			buildActionMask = 2147483647;
			files = (
				AE57CE4B1CFFDA5A0014F9B5 /* SwiftyNotificationSampleTests.swift in Sources */,
			);
			runOnlyForDeploymentPostprocessing = 0;
		};
		AE57CE4D1CFFDA5A0014F9B5 /* Sources */ = {
			isa = PBXSourcesBuildPhase;
			buildActionMask = 2147483647;
			files = (
				AE57CE561CFFDA5A0014F9B5 /* SwiftyNotificationSampleUITests.swift in Sources */,
			);
			runOnlyForDeploymentPostprocessing = 0;
		};
/* End PBXSourcesBuildPhase section */

/* Begin PBXTargetDependency section */
		AE57CE481CFFDA5A0014F9B5 /* PBXTargetDependency */ = {
			isa = PBXTargetDependency;
			target = AE57CE311CFFDA590014F9B5 /* SwiftyNotificationSample */;
			targetProxy = AE57CE471CFFDA5A0014F9B5 /* PBXContainerItemProxy */;
		};
		AE57CE531CFFDA5A0014F9B5 /* PBXTargetDependency */ = {
			isa = PBXTargetDependency;
			target = AE57CE311CFFDA590014F9B5 /* SwiftyNotificationSample */;
			targetProxy = AE57CE521CFFDA5A0014F9B5 /* PBXContainerItemProxy */;
		};
/* End PBXTargetDependency section */

/* Begin PBXVariantGroup section */
		AE57CE391CFFDA5A0014F9B5 /* Main.storyboard */ = {
			isa = PBXVariantGroup;
			children = (
				AE57CE3A1CFFDA5A0014F9B5 /* Base */,
			);
			name = Main.storyboard;
			sourceTree = "<group>";
		};
		AE57CE3E1CFFDA5A0014F9B5 /* LaunchScreen.storyboard */ = {
			isa = PBXVariantGroup;
			children = (
				AE57CE3F1CFFDA5A0014F9B5 /* Base */,
			);
			name = LaunchScreen.storyboard;
			sourceTree = "<group>";
		};
/* End PBXVariantGroup section */

/* Begin XCBuildConfiguration section */
		AE57CE581CFFDA5A0014F9B5 /* Debug */ = {
			isa = XCBuildConfiguration;
			buildSettings = {
				ALWAYS_SEARCH_USER_PATHS = NO;
				CLANG_ANALYZER_NONNULL = YES;
				CLANG_CXX_LANGUAGE_STANDARD = "gnu++0x";
				CLANG_CXX_LIBRARY = "libc++";
				CLANG_ENABLE_MODULES = YES;
				CLANG_ENABLE_OBJC_ARC = YES;
				CLANG_WARN_BOOL_CONVERSION = YES;
				CLANG_WARN_CONSTANT_CONVERSION = YES;
				CLANG_WARN_DIRECT_OBJC_ISA_USAGE = YES_ERROR;
				CLANG_WARN_EMPTY_BODY = YES;
				CLANG_WARN_ENUM_CONVERSION = YES;
				CLANG_WARN_INT_CONVERSION = YES;
				CLANG_WARN_OBJC_ROOT_CLASS = YES_ERROR;
				CLANG_WARN_UNREACHABLE_CODE = YES;
				CLANG_WARN__DUPLICATE_METHOD_MATCH = YES;
				"CODE_SIGN_IDENTITY[sdk=iphoneos*]" = "iPhone Developer";
				COPY_PHASE_STRIP = NO;
				DEBUG_INFORMATION_FORMAT = dwarf;
				ENABLE_STRICT_OBJC_MSGSEND = YES;
				ENABLE_TESTABILITY = YES;
				GCC_C_LANGUAGE_STANDARD = gnu99;
				GCC_DYNAMIC_NO_PIC = NO;
				GCC_NO_COMMON_BLOCKS = YES;
				GCC_OPTIMIZATION_LEVEL = 0;
				GCC_PREPROCESSOR_DEFINITIONS = (
					"DEBUG=1",
					"$(inherited)",
				);
				GCC_WARN_64_TO_32_BIT_CONVERSION = YES;
				GCC_WARN_ABOUT_RETURN_TYPE = YES_ERROR;
				GCC_WARN_UNDECLARED_SELECTOR = YES;
				GCC_WARN_UNINITIALIZED_AUTOS = YES_AGGRESSIVE;
				GCC_WARN_UNUSED_FUNCTION = YES;
				GCC_WARN_UNUSED_VARIABLE = YES;
				IPHONEOS_DEPLOYMENT_TARGET = 9.3;
				MTL_ENABLE_DEBUG_INFO = YES;
				ONLY_ACTIVE_ARCH = YES;
				SDKROOT = iphoneos;
				SWIFT_OPTIMIZATION_LEVEL = "-Onone";
				TARGETED_DEVICE_FAMILY = "1,2";
			};
			name = Debug;
		};
		AE57CE591CFFDA5A0014F9B5 /* Release */ = {
			isa = XCBuildConfiguration;
			buildSettings = {
				ALWAYS_SEARCH_USER_PATHS = NO;
				CLANG_ANALYZER_NONNULL = YES;
				CLANG_CXX_LANGUAGE_STANDARD = "gnu++0x";
				CLANG_CXX_LIBRARY = "libc++";
				CLANG_ENABLE_MODULES = YES;
				CLANG_ENABLE_OBJC_ARC = YES;
				CLANG_WARN_BOOL_CONVERSION = YES;
				CLANG_WARN_CONSTANT_CONVERSION = YES;
				CLANG_WARN_DIRECT_OBJC_ISA_USAGE = YES_ERROR;
				CLANG_WARN_EMPTY_BODY = YES;
				CLANG_WARN_ENUM_CONVERSION = YES;
				CLANG_WARN_INT_CONVERSION = YES;
				CLANG_WARN_OBJC_ROOT_CLASS = YES_ERROR;
				CLANG_WARN_UNREACHABLE_CODE = YES;
				CLANG_WARN__DUPLICATE_METHOD_MATCH = YES;
				"CODE_SIGN_IDENTITY[sdk=iphoneos*]" = "iPhone Developer";
				COPY_PHASE_STRIP = NO;
				DEBUG_INFORMATION_FORMAT = "dwarf-with-dsym";
				ENABLE_NS_ASSERTIONS = NO;
				ENABLE_STRICT_OBJC_MSGSEND = YES;
				GCC_C_LANGUAGE_STANDARD = gnu99;
				GCC_NO_COMMON_BLOCKS = YES;
				GCC_WARN_64_TO_32_BIT_CONVERSION = YES;
				GCC_WARN_ABOUT_RETURN_TYPE = YES_ERROR;
				GCC_WARN_UNDECLARED_SELECTOR = YES;
				GCC_WARN_UNINITIALIZED_AUTOS = YES_AGGRESSIVE;
				GCC_WARN_UNUSED_FUNCTION = YES;
				GCC_WARN_UNUSED_VARIABLE = YES;
				IPHONEOS_DEPLOYMENT_TARGET = 9.3;
				MTL_ENABLE_DEBUG_INFO = NO;
				SDKROOT = iphoneos;
				TARGETED_DEVICE_FAMILY = "1,2";
				VALIDATE_PRODUCT = YES;
			};
			name = Release;
		};
		AE57CE5B1CFFDA5A0014F9B5 /* Debug */ = {
			isa = XCBuildConfiguration;
			buildSettings = {
				ASSETCATALOG_COMPILER_APPICON_NAME = AppIcon;
				INFOPLIST_FILE = SwiftyNotificationSample/Info.plist;
				LD_RUNPATH_SEARCH_PATHS = "$(inherited) @executable_path/Frameworks";
				PRODUCT_BUNDLE_IDENTIFIER = com.Mokriya.SwiftyNotificationSample;
				PRODUCT_NAME = "$(TARGET_NAME)";
			};
			name = Debug;
		};
		AE57CE5C1CFFDA5A0014F9B5 /* Release */ = {
			isa = XCBuildConfiguration;
			buildSettings = {
				ASSETCATALOG_COMPILER_APPICON_NAME = AppIcon;
				INFOPLIST_FILE = SwiftyNotificationSample/Info.plist;
				LD_RUNPATH_SEARCH_PATHS = "$(inherited) @executable_path/Frameworks";
				PRODUCT_BUNDLE_IDENTIFIER = com.Mokriya.SwiftyNotificationSample;
				PRODUCT_NAME = "$(TARGET_NAME)";
			};
			name = Release;
		};
		AE57CE5E1CFFDA5A0014F9B5 /* Debug */ = {
			isa = XCBuildConfiguration;
			buildSettings = {
				BUNDLE_LOADER = "$(TEST_HOST)";
				INFOPLIST_FILE = SwiftyNotificationSampleTests/Info.plist;
				LD_RUNPATH_SEARCH_PATHS = "$(inherited) @executable_path/Frameworks @loader_path/Frameworks";
				PRODUCT_BUNDLE_IDENTIFIER = com.Mokriya.SwiftyNotificationSampleTests;
				PRODUCT_NAME = "$(TARGET_NAME)";
				TEST_HOST = "$(BUILT_PRODUCTS_DIR)/SwiftyNotificationSample.app/SwiftyNotificationSample";
			};
			name = Debug;
		};
		AE57CE5F1CFFDA5A0014F9B5 /* Release */ = {
			isa = XCBuildConfiguration;
			buildSettings = {
				BUNDLE_LOADER = "$(TEST_HOST)";
				INFOPLIST_FILE = SwiftyNotificationSampleTests/Info.plist;
				LD_RUNPATH_SEARCH_PATHS = "$(inherited) @executable_path/Frameworks @loader_path/Frameworks";
				PRODUCT_BUNDLE_IDENTIFIER = com.Mokriya.SwiftyNotificationSampleTests;
				PRODUCT_NAME = "$(TARGET_NAME)";
				TEST_HOST = "$(BUILT_PRODUCTS_DIR)/SwiftyNotificationSample.app/SwiftyNotificationSample";
			};
			name = Release;
		};
		AE57CE611CFFDA5A0014F9B5 /* Debug */ = {
			isa = XCBuildConfiguration;
			buildSettings = {
				INFOPLIST_FILE = SwiftyNotificationSampleUITests/Info.plist;
				LD_RUNPATH_SEARCH_PATHS = "$(inherited) @executable_path/Frameworks @loader_path/Frameworks";
				PRODUCT_BUNDLE_IDENTIFIER = com.Mokriya.SwiftyNotificationSampleUITests;
				PRODUCT_NAME = "$(TARGET_NAME)";
				TEST_TARGET_NAME = SwiftyNotificationSample;
			};
			name = Debug;
		};
		AE57CE621CFFDA5A0014F9B5 /* Release */ = {
			isa = XCBuildConfiguration;
			buildSettings = {
				INFOPLIST_FILE = SwiftyNotificationSampleUITests/Info.plist;
				LD_RUNPATH_SEARCH_PATHS = "$(inherited) @executable_path/Frameworks @loader_path/Frameworks";
				PRODUCT_BUNDLE_IDENTIFIER = com.Mokriya.SwiftyNotificationSampleUITests;
				PRODUCT_NAME = "$(TARGET_NAME)";
				TEST_TARGET_NAME = SwiftyNotificationSample;
			};
			name = Release;
		};
/* End XCBuildConfiguration section */

/* Begin XCConfigurationList section */
		AE57CE2D1CFFDA590014F9B5 /* Build configuration list for PBXProject "SwiftyNotificationSample" */ = {
			isa = XCConfigurationList;
			buildConfigurations = (
				AE57CE581CFFDA5A0014F9B5 /* Debug */,
				AE57CE591CFFDA5A0014F9B5 /* Release */,
			);
			defaultConfigurationIsVisible = 0;
			defaultConfigurationName = Release;
		};
		AE57CE5A1CFFDA5A0014F9B5 /* Build configuration list for PBXNativeTarget "SwiftyNotificationSample" */ = {
			isa = XCConfigurationList;
			buildConfigurations = (
				AE57CE5B1CFFDA5A0014F9B5 /* Debug */,
				AE57CE5C1CFFDA5A0014F9B5 /* Release */,
			);
			defaultConfigurationIsVisible = 0;
		};
		AE57CE5D1CFFDA5A0014F9B5 /* Build configuration list for PBXNativeTarget "SwiftyNotificationSampleTests" */ = {
			isa = XCConfigurationList;
			buildConfigurations = (
				AE57CE5E1CFFDA5A0014F9B5 /* Debug */,
				AE57CE5F1CFFDA5A0014F9B5 /* Release */,
			);
			defaultConfigurationIsVisible = 0;
		};
		AE57CE601CFFDA5A0014F9B5 /* Build configuration list for PBXNativeTarget "SwiftyNotificationSampleUITests" */ = {
			isa = XCConfigurationList;
			buildConfigurations = (
				AE57CE611CFFDA5A0014F9B5 /* Debug */,
				AE57CE621CFFDA5A0014F9B5 /* Release */,
			);
			defaultConfigurationIsVisible = 0;
		};
/* End XCConfigurationList section */
	};
	rootObject = AE57CE2A1CFFDA590014F9B5 /* Project object */;
}
